
Microsoft Visual Studio Solution File, Format Version 12.00
# Visual Studio Version 16
VisualStudioVersion = 16.0.31424.327
MinimumVisualStudioVersion = 10.0.40219.1
Project("{FAE04EC0-301F-11D3-BF4B-00C04F79EFBC}") = "BatalhasAPI", "BatalhasAPI\BatalhasAPI.csproj", "{7AA40412-024D-4AA1-BE32-CB94678CCFCF}"
EndProject
Global
	GlobalSection(SolutionConfigurationPlatforms) = preSolution
		Debug|Any CPU = Debug|Any CPU
		Release|Any CPU = Release|Any CPU
	EndGlobalSection
	GlobalSection(ProjectConfigurationPlatforms) = postSolution
		{7AA40412-024D-4AA1-BE32-CB94678CCFCF}.Debug|Any CPU.ActiveCfg = Debug|Any CPU
		{7AA40412-024D-4AA1-BE32-CB94678CCFCF}.Debug|Any CPU.Build.0 = Debug|Any CPU
		{7AA40412-024D-4AA1-BE32-CB94678CCFCF}.Release|Any CPU.ActiveCfg = Release|Any CPU
		{7AA40412-024D-4AA1-BE32-CB94678CCFCF}.Release|Any CPU.Build.0 = Release|Any CPU
	EndGlobalSection
	GlobalSection(SolutionProperties) = preSolution
		HideSolutionNode = FALSE
	EndGlobalSection
	GlobalSection(ExtensibilityGlobals) = postSolution
		SolutionGuid = {EEB15A63-DD47-4BB8-8494-0F9483CEE4DE}
	EndGlobalSection
EndGlobal
